PODS:
  - ReactiveObjC (3.1.1)

DEPENDENCIES:
  - ReactiveObjC (~> 3.1.1)

SPEC REPOS:
  https://github.com/cocoapods/specs.git:
    - ReactiveObjC

SPEC CHECKSUMS:
  ReactiveObjC: 011caa393aa0383245f2dcf9bf02e86b80b36040

PODFILE CHECKSUM: 8c0270c5b6d4aa1d1313a5f81cc5bcdd4ef9686d

COCOAPODS: 1.5.3
